
Microsoft Visual Studio Solution File, Format Version 12.00
# Visual Studio Version 17
VisualStudioVersion = 17.7.34009.444
MinimumVisualStudioVersion = 10.0.40219.1
Project("{9A19103F-16F7-4668-BE54-9A1E7A4F7556}") = "SearchEverything.WinForms", "SearchEverything.WinForms\SearchEverything.WinForms.csproj", "{82CF742E-A4C6-4C4D-86BC-D2D7123FA6EB}"
EndProject
Project("{9A19103F-16F7-4668-BE54-9A1E7A4F7556}") = "SearchEverything.ApplicationCore", "SearchEverything.Application\SearchEverything.ApplicationCore.csproj", "{359CD546-91BE-4443-8A93-3FFA9943153B}"
EndProject
Project("{9A19103F-16F7-4668-BE54-9A1E7A4F7556}") = "SearchEverything.CLI", "SearchEverything.CLI\SearchEverything.CLI.csproj", "{22936B23-26D8-4739-9307-B75193B9BC73}"
EndProject
Project("{2150E333-8FDC-42A3-9474-1A3956D46DE8}") = "Solution Items", "Solution Items", "{6275557D-8FB5-4A74-9853-AD025CA422E1}"
	ProjectSection(SolutionItems) = preProject
		README.md = README.md
	EndProjectSection
EndProject
Global
	GlobalSection(SolutionConfigurationPlatforms) = preSolution
		Debug|Any CPU = Debug|Any CPU
		Release|Any CPU = Release|Any CPU
	EndGlobalSection
	GlobalSection(ProjectConfigurationPlatforms) = postSolution
		{82CF742E-A4C6-4C4D-86BC-D2D7123FA6EB}.Debug|Any CPU.ActiveCfg = Debug|Any CPU
		{82CF742E-A4C6-4C4D-86BC-D2D7123FA6EB}.Debug|Any CPU.Build.0 = Debug|Any CPU
		{82CF742E-A4C6-4C4D-86BC-D2D7123FA6EB}.Release|Any CPU.ActiveCfg = Release|Any CPU
		{82CF742E-A4C6-4C4D-86BC-D2D7123FA6EB}.Release|Any CPU.Build.0 = Release|Any CPU
		{359CD546-91BE-4443-8A93-3FFA9943153B}.Debug|Any CPU.ActiveCfg = Debug|Any CPU
		{359CD546-91BE-4443-8A93-3FFA9943153B}.Debug|Any CPU.Build.0 = Debug|Any CPU
		{359CD546-91BE-4443-8A93-3FFA9943153B}.Release|Any CPU.ActiveCfg = Release|Any CPU
		{359CD546-91BE-4443-8A93-3FFA9943153B}.Release|Any CPU.Build.0 = Release|Any CPU
		{22936B23-26D8-4739-9307-B75193B9BC73}.Debug|Any CPU.ActiveCfg = Debug|Any CPU
		{22936B23-26D8-4739-9307-B75193B9BC73}.Debug|Any CPU.Build.0 = Debug|Any CPU
		{22936B23-26D8-4739-9307-B75193B9BC73}.Release|Any CPU.ActiveCfg = Release|Any CPU
		{22936B23-26D8-4739-9307-B75193B9BC73}.Release|Any CPU.Build.0 = Release|Any CPU
	EndGlobalSection
	GlobalSection(SolutionProperties) = preSolution
		HideSolutionNode = FALSE
	EndGlobalSection
	GlobalSection(ExtensibilityGlobals) = postSolution
		SolutionGuid = {3E22966B-2184-4288-B691-BCEE3FE84494}
	EndGlobalSection
EndGlobal
